// !$*UTF8*$!
{
	archiveVersion = 1;
	classes = {
	};
	objectVersion = 54;
	objects = {

/* Begin PBXBuildFile section */
		052EBFBE740E415BC42C5028 /* AppDelegate.swift in Sources */ = {isa = PBXBuildFile; fileRef = 0697C4D6E561214E90BC9019 /* AppDelegate.swift */; };
		0D2D2D27978635F1C785A363 /* UserListViewController.swift in Sources */ = {isa = PBXBuildFile; fileRef = 3B80FDC3510EECF8E0104167 /* UserListViewController.swift */; };
		147C718FBD688B9293D7CC44 /* UserCell.swift in Sources */ = {isa = PBXBuildFile; fileRef = 88EAB7D8257461B9CD3A8E54 /* UserCell.swift */; };
		1965D5B8F66D65A6DE6C79CD /* LocationService.swift in Sources */ = {isa = PBXBuildFile; fileRef = 4803AA0EF95462949F681CB2 /* LocationService.swift */; };
		20249FBECA6A331A4A2B7B92 /* UserListViewModel.swift in Sources */ = {isa = PBXBuildFile; fileRef = AD6DEA740C3729811FDD8802 /* UserListViewModel.swift */; };
		36A4292BB8BDD7A24D15B208 /* DateFormatter+PTBR.swift in Sources */ = {isa = PBXBuildFile; fileRef = 1F3F495E4081DD94D113501A /* DateFormatter+PTBR.swift */; };
		397B201B0A7E820CAC71EE0E /* UserDetailViewModelTests.swift in Sources */ = {isa = PBXBuildFile; fileRef = FDC40EBC40C0C768513FFBB2 /* UserDetailViewModelTests.swift */; };
		3980C49F3AF9ED35AA4512B5 /* LaunchScreen.storyboard in Resources */ = {isa = PBXBuildFile; fileRef = 144DF452F9CD96B4FCCDC967 /* LaunchScreen.storyboard */; };
		3D254880D69B7C839D3FA6C8 /* UserRepositoryCell.swift in Sources */ = {isa = PBXBuildFile; fileRef = CB7DD17B8A138985A8713593 /* UserRepositoryCell.swift */; };
		3D910A11B861A774675B9007 /* UserDetailViewControllerTests.swift in Sources */ = {isa = PBXBuildFile; fileRef = 93322E31ED3872AD7AFCC038 /* UserDetailViewControllerTests.swift */; };
		40DF2C1A9F0A1FE794453556 /* Pods_GitHubExplorer.framework in Frameworks */ = {isa = PBXBuildFile; fileRef = 009800DB97664C8568BDB87B /* Pods_GitHubExplorer.framework */; };
		4175B2F0ED8644D84397F1B7 /* UserListViewModelProtocol.swift in Sources */ = {isa = PBXBuildFile; fileRef = 8BA253EA23EA444733CC62D6 /* UserListViewModelProtocol.swift */; };
		43C7BF279285D8CDAB10F959 /* UserServiceProtocol.swift in Sources */ = {isa = PBXBuildFile; fileRef = 2E0242C6852CD59E04BCF11F /* UserServiceProtocol.swift */; };
		4DDA4139AB629F6F48D6EE27 /* Pods_GitHubExplorerTests.framework in Frameworks */ = {isa = PBXBuildFile; fileRef = B19B55561A7AC7108169544D /* Pods_GitHubExplorerTests.framework */; };
		512E5E57E8F8BAF15422B0DA /* UserListViewControllerTests.swift in Sources */ = {isa = PBXBuildFile; fileRef = 97DBDC25F5EACC885EFE3A09 /* UserListViewControllerTests.swift */; };
		52143289729BD7E1D30448A2 /* SceneDelegate.swift in Sources */ = {isa = PBXBuildFile; fileRef = B7AC041E898A6650F34B0604 /* SceneDelegate.swift */; };
		53B745B85B6A1BB32E02183A /* GitHubUserSearchResponse.swift in Sources */ = {isa = PBXBuildFile; fileRef = 5F359F16BAD41531A843030A /* GitHubUserSearchResponse.swift */; };
		53E80023DFF09C089ED14F8B /* GitHubService.swift in Sources */ = {isa = PBXBuildFile; fileRef = 0C7196CB52E4FCC2F6B78693 /* GitHubService.swift */; };
		5A5A510F6ABE80B8A095DE32 /* UserDetailBuilder.swift in Sources */ = {isa = PBXBuildFile; fileRef = EB66E6AA959A8785212F8E98 /* UserDetailBuilder.swift */; };
		5FCA70744B6E733CB72D00EA /* NetworkMonitor.swift in Sources */ = {isa = PBXBuildFile; fileRef = 901910F6260882DEF1BE55F7 /* NetworkMonitor.swift */; };
		611879F03575EF3E802FD8A5 /* RepositorySkeletonView.swift in Sources */ = {isa = PBXBuildFile; fileRef = 1F45D4BEA37116A13CC6B4A6 /* RepositorySkeletonView.swift */; };
		6378B1846B5AA5B6CFD8A0E2 /* RepositoryDetailViewController.swift in Sources */ = {isa = PBXBuildFile; fileRef = 77AFC26EBD1CEF6CBC412D52 /* RepositoryDetailViewController.swift */; };
		647CC8E8F3FD73427DDE1407 /* UserDetailViewController+Table.swift in Sources */ = {isa = PBXBuildFile; fileRef = CBF486ECC7893E8EB36AF41D /* UserDetailViewController+Table.swift */; };
		66742827C68D389BAC6C69D8 /* RepositoryCell.swift in Sources */ = {isa = PBXBuildFile; fileRef = A611EA77CEED72D4255482A2 /* RepositoryCell.swift */; };
		6ACEC065D7C51256551D4B92 /* ErrorStateView.swift in Sources */ = {isa = PBXBuildFile; fileRef = 191728DF0060278D8EE49A75 /* ErrorStateView.swift */; };
		749C135C9255FC1F8068EA66 /* UserDetailViewController.swift in Sources */ = {isa = PBXBuildFile; fileRef = AC819CE637EF4709210DBFF1 /* UserDetailViewController.swift */; };
		8420BA87ED7910A0922A62FB /* UserTableViewCell.swift in Sources */ = {isa = PBXBuildFile; fileRef = FCE951CA30DAD8AEFD2FD592 /* UserTableViewCell.swift */; };
		86DE63D63232CDE63A22082D /* UserListViewModelTests.swift in Sources */ = {isa = PBXBuildFile; fileRef = B51B2EF66744BEEF1608ECFB /* UserListViewModelTests.swift */; };
		8F1755903CA30B16F6BB04CA /* UserDetail.swift in Sources */ = {isa = PBXBuildFile; fileRef = 3C406457226A5228930A2F1F /* UserDetail.swift */; };
		95ACE7C6192D1DF694435B15 /* UserDetailViewModel.swift in Sources */ = {isa = PBXBuildFile; fileRef = B1EA943CBB40EC3842A144A7 /* UserDetailViewModel.swift */; };
		964335F1D8A4FEC95B46F8FD /* QuickConfiguration.swift in Sources */ = {isa = PBXBuildFile; fileRef = B5C61548A21C6AC15C373DFA /* QuickConfiguration.swift */; };
		9985C27A1CE72DFDC43D00CD /* Asset.xcassets in Resources */ = {isa = PBXBuildFile; fileRef = 499058D99D0E0CF819CA4E96 /* Asset.xcassets */; };
		9E828A25903E6545FF3F634D /* UserDetailViewModelProtocol.swift in Sources */ = {isa = PBXBuildFile; fileRef = 6B8C5086251F87362C38D37F /* UserDetailViewModelProtocol.swift */; };
		9FF79DD26EFF4BDE551DE414 /* UserListUITests.swift in Sources */ = {isa = PBXBuildFile; fileRef = 514FC2C518BE4A94E109410F /* UserListUITests.swift */; };
		A39A723BF591A78F793ACC84 /* Pods_GitHubExplorerUITests.framework in Frameworks */ = {isa = PBXBuildFile; fileRef = E7B8EC6831E5BFB9DF074719 /* Pods_GitHubExplorerUITests.framework */; };
		A8EDB8D39EDF9B6BCC02E5B8 /* GitHubExplorerUITests.swift in Sources */ = {isa = PBXBuildFile; fileRef = A04CDB0F3C0C9C142B628AF6 /* GitHubExplorerUITests.swift */; };
		BC8AB26519B36D820D0BECA0 /* UserListViewController+Table.swift in Sources */ = {isa = PBXBuildFile; fileRef = B2218EF8AC67405F46F5698B /* UserListViewController+Table.swift */; };
		C699FBB0BFABE05AF4BFCA81 /* User.swift in Sources */ = {isa = PBXBuildFile; fileRef = 50C1D2EFD42C49F5994E0CDD /* User.swift */; };
		CB5380F71CECCA75BFC8254C /* AppCoordinator.swift in Sources */ = {isa = PBXBuildFile; fileRef = 28AB4DF69D7C7F7F9FD83066 /* AppCoordinator.swift */; };
		CBC11BEC27489324A06409D7 /* Repository.swift in Sources */ = {isa = PBXBuildFile; fileRef = D55B7FACDEE3321275AFDE0D /* Repository.swift */; };
		DF2272B831F998FA4F0E3C95 /* RepositoryCacheTests.swift in Sources */ = {isa = PBXBuildFile; fileRef = A7D7A0FCE492867810B1540F /* RepositoryCacheTests.swift */; };
		E4BCCDB68C6BBC1B3ADE3A9A /* UserListBuilder.swift in Sources */ = {isa = PBXBuildFile; fileRef = 803684E35B936E9BBAD438DC /* UserListBuilder.swift */; };
		E6442DE71DFD471743F3E0FF /* MockGitHubServiceForUITests.swift in Sources */ = {isa = PBXBuildFile; fileRef = 6DE42892C4C9669D3CA23D12 /* MockGitHubServiceForUITests.swift */; };
		F255D5F75D94A5BAF9E36750 /* RepositoryCache.swift in Sources */ = {isa = PBXBuildFile; fileRef = 6490E0F18E235AC94845BCA6 /* RepositoryCache.swift */; };
		F26F69632E50D75233CEB8AA /* UIViewController+Alert.swift in Sources */ = {isa = PBXBuildFile; fileRef = 5BDC66134759A7EC249642F7 /* UIViewController+Alert.swift */; };
		F2B6A9BE59796FDE57D226C2 /* UserDetailUITests.swift in Sources */ = {isa = PBXBuildFile; fileRef = 9CB06C66E4FF492576C8D84E /* UserDetailUITests.swift */; };
/* End PBXBuildFile section */

/* Begin PBXContainerItemProxy section */
		0110F15504D1DB7A478DC033 /* PBXContainerItemProxy */ = {
			isa = PBXContainerItemProxy;
			containerPortal = 5A3B594E1B6082F9384329F9 /* Project object */;
			proxyType = 1;
			remoteGlobalIDString = 325A9CD0E9BBB300036342C6;
			remoteInfo = GitHubExplorer;
		};
		B2EAC4E464C864EBCF5E0BAA /* PBXContainerItemProxy */ = {
			isa = PBXContainerItemProxy;
			containerPortal = 5A3B594E1B6082F9384329F9 /* Project object */;
			proxyType = 1;
			remoteGlobalIDString = 325A9CD0E9BBB300036342C6;
			remoteInfo = GitHubExplorer;
		};
/* End PBXContainerItemProxy section */

/* Begin PBXFileReference section */
		009800DB97664C8568BDB87B /* Pods_GitHubExplorer.framework */ = {isa = PBXFileReference; explicitFileType = wrapper.framework; includeInIndex = 0; path = Pods_GitHubExplorer.framework; sourceTree = BUILT_PRODUCTS_DIR; };
		04C1030006909731E14F5DFA /* Pods-GitHubExplorerTests.debug.xcconfig */ = {isa = PBXFileReference; includeInIndex = 1; lastKnownFileType = text.xcconfig; name = "Pods-GitHubExplorerTests.debug.xcconfig"; path = "Target Support Files/Pods-GitHubExplorerTests/Pods-GitHubExplorerTests.debug.xcconfig"; sourceTree = "<group>"; };
		0697C4D6E561214E90BC9019 /* AppDelegate.swift */ = {isa = PBXFileReference; lastKnownFileType = sourcecode.swift; path = AppDelegate.swift; sourceTree = "<group>"; };
		0C7196CB52E4FCC2F6B78693 /* GitHubService.swift */ = {isa = PBXFileReference; lastKnownFileType = sourcecode.swift; path = GitHubService.swift; sourceTree = "<group>"; };
		144DF452F9CD96B4FCCDC967 /* LaunchScreen.storyboard */ = {isa = PBXFileReference; lastKnownFileType = file.storyboard; path = LaunchScreen.storyboard; sourceTree = "<group>"; };
		191728DF0060278D8EE49A75 /* ErrorStateView.swift */ = {isa = PBXFileReference; lastKnownFileType = sourcecode.swift; path = ErrorStateView.swift; sourceTree = "<group>"; };
		1F3F495E4081DD94D113501A /* DateFormatter+PTBR.swift */ = {isa = PBXFileReference; lastKnownFileType = sourcecode.swift; path = "DateFormatter+PTBR.swift"; sourceTree = "<group>"; };
		1F45D4BEA37116A13CC6B4A6 /* RepositorySkeletonView.swift */ = {isa = PBXFileReference; lastKnownFileType = sourcecode.swift; path = RepositorySkeletonView.swift; sourceTree = "<group>"; };
		2179161CD337E7FE668FE7C7 /* Pods-GitHubExplorerUITests.release.xcconfig */ = {isa = PBXFileReference; includeInIndex = 1; lastKnownFileType = text.xcconfig; name = "Pods-GitHubExplorerUITests.release.xcconfig"; path = "Target Support Files/Pods-GitHubExplorerUITests/Pods-GitHubExplorerUITests.release.xcconfig"; sourceTree = "<group>"; };
		28AB4DF69D7C7F7F9FD83066 /* AppCoordinator.swift */ = {isa = PBXFileReference; lastKnownFileType = sourcecode.swift; path = AppCoordinator.swift; sourceTree = "<group>"; };
		2E0242C6852CD59E04BCF11F /* UserServiceProtocol.swift */ = {isa = PBXFileReference; lastKnownFileType = sourcecode.swift; path = UserServiceProtocol.swift; sourceTree = "<group>"; };
		3B80FDC3510EECF8E0104167 /* UserListViewController.swift */ = {isa = PBXFileReference; lastKnownFileType = sourcecode.swift; path = UserListViewController.swift; sourceTree = "<group>"; };
		3C406457226A5228930A2F1F /* UserDetail.swift */ = {isa = PBXFileReference; lastKnownFileType = sourcecode.swift; path = UserDetail.swift; sourceTree = "<group>"; };
		4803AA0EF95462949F681CB2 /* LocationService.swift */ = {isa = PBXFileReference; lastKnownFileType = sourcecode.swift; path = LocationService.swift; sourceTree = "<group>"; };
		499058D99D0E0CF819CA4E96 /* Asset.xcassets */ = {isa = PBXFileReference; lastKnownFileType = folder.assetcatalog; path = Asset.xcassets; sourceTree = "<group>"; };
		50C1D2EFD42C49F5994E0CDD /* User.swift */ = {isa = PBXFileReference; lastKnownFileType = sourcecode.swift; path = User.swift; sourceTree = "<group>"; };
		514FC2C518BE4A94E109410F /* UserListUITests.swift */ = {isa = PBXFileReference; lastKnownFileType = sourcecode.swift; path = UserListUITests.swift; sourceTree = "<group>"; };
		5BDC66134759A7EC249642F7 /* UIViewController+Alert.swift */ = {isa = PBXFileReference; lastKnownFileType = sourcecode.swift; path = "UIViewController+Alert.swift"; sourceTree = "<group>"; };
		5F359F16BAD41531A843030A /* GitHubUserSearchResponse.swift */ = {isa = PBXFileReference; lastKnownFileType = sourcecode.swift; path = GitHubUserSearchResponse.swift; sourceTree = "<group>"; };
		6490E0F18E235AC94845BCA6 /* RepositoryCache.swift */ = {isa = PBXFileReference; lastKnownFileType = sourcecode.swift; path = RepositoryCache.swift; sourceTree = "<group>"; };
		6B8C5086251F87362C38D37F /* UserDetailViewModelProtocol.swift */ = {isa = PBXFileReference; lastKnownFileType = sourcecode.swift; path = UserDetailViewModelProtocol.swift; sourceTree = "<group>"; };
		6BD6D2E60105E730A0301530 /* GitHubExplorerTests.xctest */ = {isa = PBXFileReference; includeInIndex = 0; lastKnownFileType = wrapper.cfbundle; path = GitHubExplorerTests.xctest; sourceTree = BUILT_PRODUCTS_DIR; };
		6DE42892C4C9669D3CA23D12 /* MockGitHubServiceForUITests.swift */ = {isa = PBXFileReference; lastKnownFileType = sourcecode.swift; path = MockGitHubServiceForUITests.swift; sourceTree = "<group>"; };
		77AFC26EBD1CEF6CBC412D52 /* RepositoryDetailViewController.swift */ = {isa = PBXFileReference; lastKnownFileType = sourcecode.swift; path = RepositoryDetailViewController.swift; sourceTree = "<group>"; };
		7A8A8E907885A4D94E52EB10 /* Info.plist */ = {isa = PBXFileReference; lastKnownFileType = text.plist; path = Info.plist; sourceTree = "<group>"; };
		803684E35B936E9BBAD438DC /* UserListBuilder.swift */ = {isa = PBXFileReference; lastKnownFileType = sourcecode.swift; path = UserListBuilder.swift; sourceTree = "<group>"; };
		88EAB7D8257461B9CD3A8E54 /* UserCell.swift */ = {isa = PBXFileReference; lastKnownFileType = sourcecode.swift; path = UserCell.swift; sourceTree = "<group>"; };
		8BA253EA23EA444733CC62D6 /* UserListViewModelProtocol.swift */ = {isa = PBXFileReference; lastKnownFileType = sourcecode.swift; path = UserListViewModelProtocol.swift; sourceTree = "<group>"; };
		901910F6260882DEF1BE55F7 /* NetworkMonitor.swift */ = {isa = PBXFileReference; lastKnownFileType = sourcecode.swift; path = NetworkMonitor.swift; sourceTree = "<group>"; };
		913B57907BAF01B442254D6E /* GitHubExplorerUITests.xctest */ = {isa = PBXFileReference; includeInIndex = 0; lastKnownFileType = wrapper.cfbundle; path = GitHubExplorerUITests.xctest; sourceTree = BUILT_PRODUCTS_DIR; };
		91860B11523F87CF3C34A2F2 /* Tests.xcconfig */ = {isa = PBXFileReference; lastKnownFileType = text.xcconfig; path = Tests.xcconfig; sourceTree = "<group>"; };
		93322E31ED3872AD7AFCC038 /* UserDetailViewControllerTests.swift */ = {isa = PBXFileReference; lastKnownFileType = sourcecode.swift; path = UserDetailViewControllerTests.swift; sourceTree = "<group>"; };
		97DBDC25F5EACC885EFE3A09 /* UserListViewControllerTests.swift */ = {isa = PBXFileReference; lastKnownFileType = sourcecode.swift; path = UserListViewControllerTests.swift; sourceTree = "<group>"; };
		9CB06C66E4FF492576C8D84E /* UserDetailUITests.swift */ = {isa = PBXFileReference; lastKnownFileType = sourcecode.swift; path = UserDetailUITests.swift; sourceTree = "<group>"; };
		A04CDB0F3C0C9C142B628AF6 /* GitHubExplorerUITests.swift */ = {isa = PBXFileReference; lastKnownFileType = sourcecode.swift; path = GitHubExplorerUITests.swift; sourceTree = "<group>"; };
		A611EA77CEED72D4255482A2 /* RepositoryCell.swift */ = {isa = PBXFileReference; lastKnownFileType = sourcecode.swift; path = RepositoryCell.swift; sourceTree = "<group>"; };
		A7D7A0FCE492867810B1540F /* RepositoryCacheTests.swift */ = {isa = PBXFileReference; lastKnownFileType = sourcecode.swift; path = RepositoryCacheTests.swift; sourceTree = "<group>"; };
		AC819CE637EF4709210DBFF1 /* UserDetailViewController.swift */ = {isa = PBXFileReference; lastKnownFileType = sourcecode.swift; path = UserDetailViewController.swift; sourceTree = "<group>"; };
		AD6DEA740C3729811FDD8802 /* UserListViewModel.swift */ = {isa = PBXFileReference; lastKnownFileType = sourcecode.swift; path = UserListViewModel.swift; sourceTree = "<group>"; };
		B19B55561A7AC7108169544D /* Pods_GitHubExplorerTests.framework */ = {isa = PBXFileReference; explicitFileType = wrapper.framework; includeInIndex = 0; path = Pods_GitHubExplorerTests.framework; sourceTree = BUILT_PRODUCTS_DIR; };
		B1EA943CBB40EC3842A144A7 /* UserDetailViewModel.swift */ = {isa = PBXFileReference; lastKnownFileType = sourcecode.swift; path = UserDetailViewModel.swift; sourceTree = "<group>"; };
		B2218EF8AC67405F46F5698B /* UserListViewController+Table.swift */ = {isa = PBXFileReference; lastKnownFileType = sourcecode.swift; path = "UserListViewController+Table.swift"; sourceTree = "<group>"; };
		B51B2EF66744BEEF1608ECFB /* UserListViewModelTests.swift */ = {isa = PBXFileReference; lastKnownFileType = sourcecode.swift; path = UserListViewModelTests.swift; sourceTree = "<group>"; };
		B5C61548A21C6AC15C373DFA /* QuickConfiguration.swift */ = {isa = PBXFileReference; lastKnownFileType = sourcecode.swift; path = QuickConfiguration.swift; sourceTree = "<group>"; };
		B7AC041E898A6650F34B0604 /* SceneDelegate.swift */ = {isa = PBXFileReference; lastKnownFileType = sourcecode.swift; path = SceneDelegate.swift; sourceTree = "<group>"; };
		C01D46EFCD1B2B25A0A18434 /* Info.plist */ = {isa = PBXFileReference; lastKnownFileType = text.plist; path = Info.plist; sourceTree = "<group>"; };
		CB7DD17B8A138985A8713593 /* UserRepositoryCell.swift */ = {isa = PBXFileReference; lastKnownFileType = sourcecode.swift; path = UserRepositoryCell.swift; sourceTree = "<group>"; };
		CBE42F2279B7EB879A10B6DF /* Pods-GitHubExplorer.release.xcconfig */ = {isa = PBXFileReference; includeInIndex = 1; lastKnownFileType = text.xcconfig; name = "Pods-GitHubExplorer.release.xcconfig"; path = "Target Support Files/Pods-GitHubExplorer/Pods-GitHubExplorer.release.xcconfig"; sourceTree = "<group>"; };
		CBF486ECC7893E8EB36AF41D /* UserDetailViewController+Table.swift */ = {isa = PBXFileReference; lastKnownFileType = sourcecode.swift; path = "UserDetailViewController+Table.swift"; sourceTree = "<group>"; };
		CE55A849FDA4AE743B6C1A1D /* GitHubExplorer.app */ = {isa = PBXFileReference; includeInIndex = 0; lastKnownFileType = wrapper.application; path = GitHubExplorer.app; sourceTree = BUILT_PRODUCTS_DIR; };
		CF67C56B6DA955BB8D7B4B74 /* Pods-GitHubExplorerUITests.debug.xcconfig */ = {isa = PBXFileReference; includeInIndex = 1; lastKnownFileType = text.xcconfig; name = "Pods-GitHubExplorerUITests.debug.xcconfig"; path = "Target Support Files/Pods-GitHubExplorerUITests/Pods-GitHubExplorerUITests.debug.xcconfig"; sourceTree = "<group>"; };
		D3B106791BD8B5258A9EB858 /* Pods-GitHubExplorer.debug.xcconfig */ = {isa = PBXFileReference; includeInIndex = 1; lastKnownFileType = text.xcconfig; name = "Pods-GitHubExplorer.debug.xcconfig"; path = "Target Support Files/Pods-GitHubExplorer/Pods-GitHubExplorer.debug.xcconfig"; sourceTree = "<group>"; };
		D55B7FACDEE3321275AFDE0D /* Repository.swift */ = {isa = PBXFileReference; lastKnownFileType = sourcecode.swift; path = Repository.swift; sourceTree = "<group>"; };
		E7B8EC6831E5BFB9DF074719 /* Pods_GitHubExplorerUITests.framework */ = {isa = PBXFileReference; explicitFileType = wrapper.framework; includeInIndex = 0; path = Pods_GitHubExplorerUITests.framework; sourceTree = BUILT_PRODUCTS_DIR; };
		EB66E6AA959A8785212F8E98 /* UserDetailBuilder.swift */ = {isa = PBXFileReference; lastKnownFileType = sourcecode.swift; path = UserDetailBuilder.swift; sourceTree = "<group>"; };
		FCE951CA30DAD8AEFD2FD592 /* UserTableViewCell.swift */ = {isa = PBXFileReference; lastKnownFileType = sourcecode.swift; path = UserTableViewCell.swift; sourceTree = "<group>"; };
		FDC40EBC40C0C768513FFBB2 /* UserDetailViewModelTests.swift */ = {isa = PBXFileReference; lastKnownFileType = sourcecode.swift; path = UserDetailViewModelTests.swift; sourceTree = "<group>"; };
		FF5705F9178BC689307E66E3 /* Pods-GitHubExplorerTests.release.xcconfig */ = {isa = PBXFileReference; includeInIndex = 1; lastKnownFileType = text.xcconfig; name = "Pods-GitHubExplorerTests.release.xcconfig"; path = "Target Support Files/Pods-GitHubExplorerTests/Pods-GitHubExplorerTests.release.xcconfig"; sourceTree = "<group>"; };
/* End PBXFileReference section */

/* Begin PBXFrameworksBuildPhase section */
		23E3482A77F4D85CFC9354D6 /* Frameworks */ = {
			isa = PBXFrameworksBuildPhase;
			buildActionMask = 2147483647;
			files = (
				4DDA4139AB629F6F48D6EE27 /* Pods_GitHubExplorerTests.framework in Frameworks */,
			);
			runOnlyForDeploymentPostprocessing = 0;
		};
		6B93C283742E458BE8270AE8 /* Frameworks */ = {
			isa = PBXFrameworksBuildPhase;
			buildActionMask = 2147483647;
			files = (
				40DF2C1A9F0A1FE794453556 /* Pods_GitHubExplorer.framework in Frameworks */,
			);
			runOnlyForDeploymentPostprocessing = 0;
		};
		B0BDB8601640F397F1BBF1D0 /* Frameworks */ = {
			isa = PBXFrameworksBuildPhase;
			buildActionMask = 2147483647;
			files = (
				A39A723BF591A78F793ACC84 /* Pods_GitHubExplorerUITests.framework in Frameworks */,
			);
			runOnlyForDeploymentPostprocessing = 0;
		};
/* End PBXFrameworksBuildPhase section */

/* Begin PBXGroup section */
		0AC2A5EF98F339CBBC071F69 /* Component */ = {
			isa = PBXGroup;
			children = (
				191728DF0060278D8EE49A75 /* ErrorStateView.swift */,
			);
			path = Component;
			sourceTree = "<group>";
		};
		12055C779D1F0F02873DFAC6 /* Service */ = {
			isa = PBXGroup;
			children = (
				0C7196CB52E4FCC2F6B78693 /* GitHubService.swift */,
				6DE42892C4C9669D3CA23D12 /* MockGitHubServiceForUITests.swift */,
				6490E0F18E235AC94845BCA6 /* RepositoryCache.swift */,
				B120918E53489DF5F96248CB /* Protocols */,
			);
			path = Service;
			sourceTree = "<group>";
		};
		14616DC389711A38DDCB2159 /* Services */ = {
			isa = PBXGroup;
			children = (
				4803AA0EF95462949F681CB2 /* LocationService.swift */,
			);
			path = Services;
			sourceTree = "<group>";
		};
		1FADAD2B542C251521CF223D /* Model */ = {
			isa = PBXGroup;
			children = (
				5F359F16BAD41531A843030A /* GitHubUserSearchResponse.swift */,
				D55B7FACDEE3321275AFDE0D /* Repository.swift */,
				50C1D2EFD42C49F5994E0CDD /* User.swift */,
				3C406457226A5228930A2F1F /* UserDetail.swift */,
			);
			path = Model;
			sourceTree = "<group>";
		};
		2548F455E32DE47159BCD43A /* Cells */ = {
			isa = PBXGroup;
			children = (
				FCE951CA30DAD8AEFD2FD592 /* UserTableViewCell.swift */,
			);
			path = Cells;
			sourceTree = "<group>";
		};
		26D3EACA1DB1AE618FB6BB17 /* Service */ = {
			isa = PBXGroup;
			children = (
				A7D7A0FCE492867810B1540F /* RepositoryCacheTests.swift */,
			);
			path = Service;
			sourceTree = "<group>";
		};
		2EB07C4BEBD2897881D3E630 /* Pods */ = {
			isa = PBXGroup;
			children = (
				D3B106791BD8B5258A9EB858 /* Pods-GitHubExplorer.debug.xcconfig */,
				CBE42F2279B7EB879A10B6DF /* Pods-GitHubExplorer.release.xcconfig */,
				04C1030006909731E14F5DFA /* Pods-GitHubExplorerTests.debug.xcconfig */,
				FF5705F9178BC689307E66E3 /* Pods-GitHubExplorerTests.release.xcconfig */,
				CF67C56B6DA955BB8D7B4B74 /* Pods-GitHubExplorerUITests.debug.xcconfig */,
				2179161CD337E7FE668FE7C7 /* Pods-GitHubExplorerUITests.release.xcconfig */,
			);
			name = Pods;
			path = Pods;
			sourceTree = "<group>";
		};
		3794AD5B289923B47F7C2A44 /* Extension */ = {
			isa = PBXGroup;
			children = (
				1F3F495E4081DD94D113501A /* DateFormatter+PTBR.swift */,
				5BDC66134759A7EC249642F7 /* UIViewController+Alert.swift */,
			);
			path = Extension;
			sourceTree = "<group>";
		};
		428F592A0BDB87598BE88C61 /* Products */ = {
			isa = PBXGroup;
			children = (
				CE55A849FDA4AE743B6C1A1D /* GitHubExplorer.app */,
				6BD6D2E60105E730A0301530 /* GitHubExplorerTests.xctest */,
				913B57907BAF01B442254D6E /* GitHubExplorerUITests.xctest */,
			);
			name = Products;
			sourceTree = "<group>";
		};
		512B435EA3FC555CBCA9CAC5 /* Coordinator */ = {
			isa = PBXGroup;
			children = (
				28AB4DF69D7C7F7F9FD83066 /* AppCoordinator.swift */,
			);
			path = Coordinator;
			sourceTree = "<group>";
		};
		59C2BC65C35BB808FB0F42B5 /* Builder */ = {
			isa = PBXGroup;
			children = (
				EB66E6AA959A8785212F8E98 /* UserDetailBuilder.swift */,
				803684E35B936E9BBAD438DC /* UserListBuilder.swift */,
			);
			path = Builder;
			sourceTree = "<group>";
		};
		5D7C3B828BDEF8ACBE8B7ED8 /* Protocols */ = {
			isa = PBXGroup;
			children = (
				6B8C5086251F87362C38D37F /* UserDetailViewModelProtocol.swift */,
				8BA253EA23EA444733CC62D6 /* UserListViewModelProtocol.swift */,
			);
			path = Protocols;
			sourceTree = "<group>";
		};
		75078E48EA8BEDBFC4AC5EC3 /* ViewModel */ = {
			isa = PBXGroup;
			children = (
				B1EA943CBB40EC3842A144A7 /* UserDetailViewModel.swift */,
				AD6DEA740C3729811FDD8802 /* UserListViewModel.swift */,
				5D7C3B828BDEF8ACBE8B7ED8 /* Protocols */,
			);
			path = ViewModel;
			sourceTree = "<group>";
		};
		792673F6C7406218F23B68CA /* Frameworks */ = {
			isa = PBXGroup;
			children = (
				009800DB97664C8568BDB87B /* Pods_GitHubExplorer.framework */,
				B19B55561A7AC7108169544D /* Pods_GitHubExplorerTests.framework */,
				E7B8EC6831E5BFB9DF074719 /* Pods_GitHubExplorerUITests.framework */,
			);
			name = Frameworks;
			sourceTree = "<group>";
		};
		7963A2F80BFED402AAF3DEE6 /* App */ = {
			isa = PBXGroup;
			children = (
				0697C4D6E561214E90BC9019 /* AppDelegate.swift */,
				B7AC041E898A6650F34B0604 /* SceneDelegate.swift */,
			);
			path = App;
			sourceTree = "<group>";
		};
		85A70AF04CC2D5DB01E56841 /* UITests */ = {
			isa = PBXGroup;
			children = (
				A04CDB0F3C0C9C142B628AF6 /* GitHubExplorerUITests.swift */,
				992F7360D3A5539547E2096A /* Screens */,
			);
			path = UITests;
			sourceTree = "<group>";
		};
		992F7360D3A5539547E2096A /* Screens */ = {
			isa = PBXGroup;
			children = (
				9CB06C66E4FF492576C8D84E /* UserDetailUITests.swift */,
				514FC2C518BE4A94E109410F /* UserListUITests.swift */,
			);
			path = Screens;
			sourceTree = "<group>";
		};
		AC8FDE6E569970EA2CF64336 /* Support */ = {
			isa = PBXGroup;
			children = (
				B5C61548A21C6AC15C373DFA /* QuickConfiguration.swift */,
			);
			path = Support;
			sourceTree = "<group>";
		};
		B120918E53489DF5F96248CB /* Protocols */ = {
			isa = PBXGroup;
			children = (
				2E0242C6852CD59E04BCF11F /* UserServiceProtocol.swift */,
			);
			path = Protocols;
			sourceTree = "<group>";
		};
		BBA4061F94B81651E5A10F43 = {
			isa = PBXGroup;
			children = (
				FD7FFD10F50AEBA6E978044C /* Sources */,
				D4BD236844B7810B5DEDF995 /* Tests */,
				85A70AF04CC2D5DB01E56841 /* UITests */,
				428F592A0BDB87598BE88C61 /* Products */,
				2EB07C4BEBD2897881D3E630 /* Pods */,
				792673F6C7406218F23B68CA /* Frameworks */,
			);
			sourceTree = "<group>";
		};
		BCA67402CAD1D8EE392A5677 /* ViewModel */ = {
			isa = PBXGroup;
			children = (
				FDC40EBC40C0C768513FFBB2 /* UserDetailViewModelTests.swift */,
				B51B2EF66744BEEF1608ECFB /* UserListViewModelTests.swift */,
			);
			path = ViewModel;
			sourceTree = "<group>";
		};
		D4BD236844B7810B5DEDF995 /* Tests */ = {
			isa = PBXGroup;
			children = (
				7A8A8E907885A4D94E52EB10 /* Info.plist */,
				91860B11523F87CF3C34A2F2 /* Tests.xcconfig */,
				FE8CEB5B822AC2DE963DD78E /* Component */,
				26D3EACA1DB1AE618FB6BB17 /* Service */,
				AC8FDE6E569970EA2CF64336 /* Support */,
				BCA67402CAD1D8EE392A5677 /* ViewModel */,
			);
			path = Tests;
			sourceTree = "<group>";
		};
		F71164649C01ED050BC44FE3 /* Resource */ = {
			isa = PBXGroup;
			children = (
				499058D99D0E0CF819CA4E96 /* Asset.xcassets */,
				144DF452F9CD96B4FCCDC967 /* LaunchScreen.storyboard */,
			);
			path = Resource;
			sourceTree = "<group>";
		};
		FCB0FD4F309C702B937F99B9 /* View */ = {
			isa = PBXGroup;
			children = (
				A611EA77CEED72D4255482A2 /* RepositoryCell.swift */,
				77AFC26EBD1CEF6CBC412D52 /* RepositoryDetailViewController.swift */,
				1F45D4BEA37116A13CC6B4A6 /* RepositorySkeletonView.swift */,
				88EAB7D8257461B9CD3A8E54 /* UserCell.swift */,
				AC819CE637EF4709210DBFF1 /* UserDetailViewController.swift */,
				CBF486ECC7893E8EB36AF41D /* UserDetailViewController+Table.swift */,
				3B80FDC3510EECF8E0104167 /* UserListViewController.swift */,
				B2218EF8AC67405F46F5698B /* UserListViewController+Table.swift */,
				CB7DD17B8A138985A8713593 /* UserRepositoryCell.swift */,
				2548F455E32DE47159BCD43A /* Cells */,
			);
			path = View;
			sourceTree = "<group>";
		};
		FD7FFD10F50AEBA6E978044C /* Sources */ = {
			isa = PBXGroup;
			children = (
				C01D46EFCD1B2B25A0A18434 /* Info.plist */,
				7963A2F80BFED402AAF3DEE6 /* App */,
				59C2BC65C35BB808FB0F42B5 /* Builder */,
				0AC2A5EF98F339CBBC071F69 /* Component */,
				512B435EA3FC555CBCA9CAC5 /* Coordinator */,
				3794AD5B289923B47F7C2A44 /* Extension */,
				FEF35C4D29A82919ECEFDB2B /* Helper */,
				1FADAD2B542C251521CF223D /* Model */,
				F71164649C01ED050BC44FE3 /* Resource */,
				12055C779D1F0F02873DFAC6 /* Service */,
				14616DC389711A38DDCB2159 /* Services */,
				FCB0FD4F309C702B937F99B9 /* View */,
				75078E48EA8BEDBFC4AC5EC3 /* ViewModel */,
			);
			path = Sources;
			sourceTree = "<group>";
		};
		FE8CEB5B822AC2DE963DD78E /* Component */ = {
			isa = PBXGroup;
			children = (
				93322E31ED3872AD7AFCC038 /* UserDetailViewControllerTests.swift */,
				97DBDC25F5EACC885EFE3A09 /* UserListViewControllerTests.swift */,
			);
			path = Component;
			sourceTree = "<group>";
		};
		FEF35C4D29A82919ECEFDB2B /* Helper */ = {
			isa = PBXGroup;
			children = (
				901910F6260882DEF1BE55F7 /* NetworkMonitor.swift */,
			);
			path = Helper;
			sourceTree = "<group>";
		};
/* End PBXGroup section */

/* Begin PBXNativeTarget section */
		325A9CD0E9BBB300036342C6 /* GitHubExplorer */ = {
			isa = PBXNativeTarget;
			buildConfigurationList = CFE9D5F84658AC48EC3776F2 /* Build configuration list for PBXNativeTarget "GitHubExplorer" */;
			buildPhases = (
				68592B16FAC1F3F9855F19B3 /* [CP] Check Pods Manifest.lock */,
				1E8634A77BE0E58D6E0A6054 /* Sources */,
				5F2CD2DB298ED2CFBDC3B120 /* Resources */,
				6B93C283742E458BE8270AE8 /* Frameworks */,
				5F2ABD188F958F6B80866015 /* [CP] Embed Pods Frameworks */,
			);
			buildRules = (
			);
			dependencies = (
			);
			name = GitHubExplorer;
			productName = GitHubExplorer;
			productReference = CE55A849FDA4AE743B6C1A1D /* GitHubExplorer.app */;
			productType = "com.apple.product-type.application";
		};
		831079DD21D06ED14925BB77 /* GitHubExplorerUITests */ = {
			isa = PBXNativeTarget;
			buildConfigurationList = 4AF1EBB585CFBF3AFF7477F8 /* Build configuration list for PBXNativeTarget "GitHubExplorerUITests" */;
			buildPhases = (
				D0C8C5558C0F27EE3476FE75 /* [CP] Check Pods Manifest.lock */,
				A16356CA163533BAE444F89E /* Sources */,
				B0BDB8601640F397F1BBF1D0 /* Frameworks */,
				D98966C1294BEC76AFAB97C6 /* [CP] Embed Pods Frameworks */,
			);
			buildRules = (
			);
			dependencies = (
				2EFADB4C4433546FF42F3A6A /* PBXTargetDependency */,
			);
			name = GitHubExplorerUITests;
			productName = GitHubExplorerUITests;
			productReference = 913B57907BAF01B442254D6E /* GitHubExplorerUITests.xctest */;
			productType = "com.apple.product-type.bundle.ui-testing";
		};
		C78FDFF357BAFD8FAEBE19FB /* GitHubExplorerTests */ = {
			isa = PBXNativeTarget;
			buildConfigurationList = D3E05AECE94B29045B6A4499 /* Build configuration list for PBXNativeTarget "GitHubExplorerTests" */;
			buildPhases = (
				BA5A8C094DF7F754C327A9B5 /* [CP] Check Pods Manifest.lock */,
				72D50FF2C5C5D31092EDB3CF /* Sources */,
				23E3482A77F4D85CFC9354D6 /* Frameworks */,
				BEC5F4F9D35F59F8653048DE /* [CP] Embed Pods Frameworks */,
			);
			buildRules = (
			);
			dependencies = (
				841B292D8A707F4E1DDE894B /* PBXTargetDependency */,
			);
			name = GitHubExplorerTests;
			productName = GitHubExplorerTests;
			productReference = 6BD6D2E60105E730A0301530 /* GitHubExplorerTests.xctest */;
			productType = "com.apple.product-type.bundle.unit-test";
		};
/* End PBXNativeTarget section */

/* Begin PBXProject section */
		5A3B594E1B6082F9384329F9 /* Project object */ = {
			isa = PBXProject;
			attributes = {
				BuildIndependentTargetsInParallel = YES;
				LastUpgradeCheck = 1430;
				TargetAttributes = {
					831079DD21D06ED14925BB77 = {
						TestTargetID = 325A9CD0E9BBB300036342C6;
					};
				};
			};
			buildConfigurationList = A01D0D280DA2AD336C177F07 /* Build configuration list for PBXProject "GitHubExplorer" */;
			compatibilityVersion = "Xcode 14.0";
			developmentRegion = en;
			hasScannedForEncodings = 0;
			knownRegions = (
				Base,
				en,
			);
			mainGroup = BBA4061F94B81651E5A10F43;
			minimizedProjectReferenceProxies = 1;
			preferredProjectObjectVersion = 54;
			productRefGroup = 428F592A0BDB87598BE88C61 /* Products */;
			projectDirPath = "";
			projectRoot = "";
			targets = (
				325A9CD0E9BBB300036342C6 /* GitHubExplorer */,
				C78FDFF357BAFD8FAEBE19FB /* GitHubExplorerTests */,
				831079DD21D06ED14925BB77 /* GitHubExplorerUITests */,
			);
		};
/* End PBXProject section */

/* Begin PBXResourcesBuildPhase section */
		5F2CD2DB298ED2CFBDC3B120 /* Resources */ = {
			isa = PBXResourcesBuildPhase;
			buildActionMask = 2147483647;
			files = (
				9985C27A1CE72DFDC43D00CD /* Asset.xcassets in Resources */,
				3980C49F3AF9ED35AA4512B5 /* LaunchScreen.storyboard in Resources */,
			);
			runOnlyForDeploymentPostprocessing = 0;
		};
/* End PBXResourcesBuildPhase section */

/* Begin PBXShellScriptBuildPhase section */
		5F2ABD188F958F6B80866015 /* [CP] Embed Pods Frameworks */ = {
			isa = PBXShellScriptBuildPhase;
			buildActionMask = 2147483647;
			files = (
			);
			inputFileListPaths = (
				"${PODS_ROOT}/Target Support Files/Pods-GitHubExplorer/Pods-GitHubExplorer-frameworks-${CONFIGURATION}-input-files.xcfilelist",
			);
			name = "[CP] Embed Pods Frameworks";
			outputFileListPaths = (
				"${PODS_ROOT}/Target Support Files/Pods-GitHubExplorer/Pods-GitHubExplorer-frameworks-${CONFIGURATION}-output-files.xcfilelist",
			);
			runOnlyForDeploymentPostprocessing = 0;
			shellPath = /bin/sh;
			shellScript = "\"${PODS_ROOT}/Target Support Files/Pods-GitHubExplorer/Pods-GitHubExplorer-frameworks.sh\"\n";
			showEnvVarsInLog = 0;
		};
		68592B16FAC1F3F9855F19B3 /* [CP] Check Pods Manifest.lock */ = {
			isa = PBXShellScriptBuildPhase;
			buildActionMask = 2147483647;
			files = (
			);
			inputFileListPaths = (
			);
			inputPaths = (
				"${PODS_PODFILE_DIR_PATH}/Podfile.lock",
				"${PODS_ROOT}/Manifest.lock",
			);
			name = "[CP] Check Pods Manifest.lock";
			outputFileListPaths = (
			);
			outputPaths = (
				"$(DERIVED_FILE_DIR)/Pods-GitHubExplorer-checkManifestLockResult.txt",
			);
			runOnlyForDeploymentPostprocessing = 0;
			shellPath = /bin/sh;
			shellScript = "diff \"${PODS_PODFILE_DIR_PATH}/Podfile.lock\" \"${PODS_ROOT}/Manifest.lock\" > /dev/null\nif [ $? != 0 ] ; then\n    # print error to STDERR\n    echo \"error: The sandbox is not in sync with the Podfile.lock. Run 'pod install' or update your CocoaPods installation.\" >&2\n    exit 1\nfi\n# This output is used by Xcode 'outputs' to avoid re-running this script phase.\necho \"SUCCESS\" > \"${SCRIPT_OUTPUT_FILE_0}\"\n";
			showEnvVarsInLog = 0;
		};
		BA5A8C094DF7F754C327A9B5 /* [CP] Check Pods Manifest.lock */ = {
			isa = PBXShellScriptBuildPhase;
			buildActionMask = 2147483647;
			files = (
			);
			inputFileListPaths = (
			);
			inputPaths = (
				"${PODS_PODFILE_DIR_PATH}/Podfile.lock",
				"${PODS_ROOT}/Manifest.lock",
			);
			name = "[CP] Check Pods Manifest.lock";
			outputFileListPaths = (
			);
			outputPaths = (
				"$(DERIVED_FILE_DIR)/Pods-GitHubExplorerTests-checkManifestLockResult.txt",
			);
			runOnlyForDeploymentPostprocessing = 0;
			shellPath = /bin/sh;
			shellScript = "diff \"${PODS_PODFILE_DIR_PATH}/Podfile.lock\" \"${PODS_ROOT}/Manifest.lock\" > /dev/null\nif [ $? != 0 ] ; then\n    # print error to STDERR\n    echo \"error: The sandbox is not in sync with the Podfile.lock. Run 'pod install' or update your CocoaPods installation.\" >&2\n    exit 1\nfi\n# This output is used by Xcode 'outputs' to avoid re-running this script phase.\necho \"SUCCESS\" > \"${SCRIPT_OUTPUT_FILE_0}\"\n";
			showEnvVarsInLog = 0;
		};
		BEC5F4F9D35F59F8653048DE /* [CP] Embed Pods Frameworks */ = {
			isa = PBXShellScriptBuildPhase;
			buildActionMask = 2147483647;
			files = (
			);
			inputFileListPaths = (
				"${PODS_ROOT}/Target Support Files/Pods-GitHubExplorerTests/Pods-GitHubExplorerTests-frameworks-${CONFIGURATION}-input-files.xcfilelist",
			);
			name = "[CP] Embed Pods Frameworks";
			outputFileListPaths = (
				"${PODS_ROOT}/Target Support Files/Pods-GitHubExplorerTests/Pods-GitHubExplorerTests-frameworks-${CONFIGURATION}-output-files.xcfilelist",
			);
			runOnlyForDeploymentPostprocessing = 0;
			shellPath = /bin/sh;
			shellScript = "\"${PODS_ROOT}/Target Support Files/Pods-GitHubExplorerTests/Pods-GitHubExplorerTests-frameworks.sh\"\n";
			showEnvVarsInLog = 0;
		};
		D0C8C5558C0F27EE3476FE75 /* [CP] Check Pods Manifest.lock */ = {
			isa = PBXShellScriptBuildPhase;
			buildActionMask = 2147483647;
			files = (
			);
			inputFileListPaths = (
			);
			inputPaths = (
				"${PODS_PODFILE_DIR_PATH}/Podfile.lock",
				"${PODS_ROOT}/Manifest.lock",
			);
			name = "[CP] Check Pods Manifest.lock";
			outputFileListPaths = (
			);
			outputPaths = (
				"$(DERIVED_FILE_DIR)/Pods-GitHubExplorerUITests-checkManifestLockResult.txt",
			);
			runOnlyForDeploymentPostprocessing = 0;
			shellPath = /bin/sh;
			shellScript = "diff \"${PODS_PODFILE_DIR_PATH}/Podfile.lock\" \"${PODS_ROOT}/Manifest.lock\" > /dev/null\nif [ $? != 0 ] ; then\n    # print error to STDERR\n    echo \"error: The sandbox is not in sync with the Podfile.lock. Run 'pod install' or update your CocoaPods installation.\" >&2\n    exit 1\nfi\n# This output is used by Xcode 'outputs' to avoid re-running this script phase.\necho \"SUCCESS\" > \"${SCRIPT_OUTPUT_FILE_0}\"\n";
			showEnvVarsInLog = 0;
		};
		D98966C1294BEC76AFAB97C6 /* [CP] Embed Pods Frameworks */ = {
			isa = PBXShellScriptBuildPhase;
			buildActionMask = 2147483647;
			files = (
			);
			inputFileListPaths = (
				"${PODS_ROOT}/Target Support Files/Pods-GitHubExplorerUITests/Pods-GitHubExplorerUITests-frameworks-${CONFIGURATION}-input-files.xcfilelist",
			);
			name = "[CP] Embed Pods Frameworks";
			outputFileListPaths = (
				"${PODS_ROOT}/Target Support Files/Pods-GitHubExplorerUITests/Pods-GitHubExplorerUITests-frameworks-${CONFIGURATION}-output-files.xcfilelist",
			);
			runOnlyForDeploymentPostprocessing = 0;
			shellPath = /bin/sh;
			shellScript = "\"${PODS_ROOT}/Target Support Files/Pods-GitHubExplorerUITests/Pods-GitHubExplorerUITests-frameworks.sh\"\n";
			showEnvVarsInLog = 0;
		};
/* End PBXShellScriptBuildPhase section */

/* Begin PBXSourcesBuildPhase section */
		1E8634A77BE0E58D6E0A6054 /* Sources */ = {
			isa = PBXSourcesBuildPhase;
			buildActionMask = 2147483647;
			files = (
				CB5380F71CECCA75BFC8254C /* AppCoordinator.swift in Sources */,
				052EBFBE740E415BC42C5028 /* AppDelegate.swift in Sources */,
				36A4292BB8BDD7A24D15B208 /* DateFormatter+PTBR.swift in Sources */,
				6ACEC065D7C51256551D4B92 /* ErrorStateView.swift in Sources */,
				53E80023DFF09C089ED14F8B /* GitHubService.swift in Sources */,
				53B745B85B6A1BB32E02183A /* GitHubUserSearchResponse.swift in Sources */,
				1965D5B8F66D65A6DE6C79CD /* LocationService.swift in Sources */,
				E6442DE71DFD471743F3E0FF /* MockGitHubServiceForUITests.swift in Sources */,
				5FCA70744B6E733CB72D00EA /* NetworkMonitor.swift in Sources */,
				CBC11BEC27489324A06409D7 /* Repository.swift in Sources */,
				F255D5F75D94A5BAF9E36750 /* RepositoryCache.swift in Sources */,
				66742827C68D389BAC6C69D8 /* RepositoryCell.swift in Sources */,
				6378B1846B5AA5B6CFD8A0E2 /* RepositoryDetailViewController.swift in Sources */,
				611879F03575EF3E802FD8A5 /* RepositorySkeletonView.swift in Sources */,
				52143289729BD7E1D30448A2 /* SceneDelegate.swift in Sources */,
				F26F69632E50D75233CEB8AA /* UIViewController+Alert.swift in Sources */,
				C699FBB0BFABE05AF4BFCA81 /* User.swift in Sources */,
				147C718FBD688B9293D7CC44 /* UserCell.swift in Sources */,
				8F1755903CA30B16F6BB04CA /* UserDetail.swift in Sources */,
				5A5A510F6ABE80B8A095DE32 /* UserDetailBuilder.swift in Sources */,
				647CC8E8F3FD73427DDE1407 /* UserDetailViewController+Table.swift in Sources */,
				749C135C9255FC1F8068EA66 /* UserDetailViewController.swift in Sources */,
				95ACE7C6192D1DF694435B15 /* UserDetailViewModel.swift in Sources */,
				9E828A25903E6545FF3F634D /* UserDetailViewModelProtocol.swift in Sources */,
				E4BCCDB68C6BBC1B3ADE3A9A /* UserListBuilder.swift in Sources */,
				BC8AB26519B36D820D0BECA0 /* UserListViewController+Table.swift in Sources */,
				0D2D2D27978635F1C785A363 /* UserListViewController.swift in Sources */,
				20249FBECA6A331A4A2B7B92 /* UserListViewModel.swift in Sources */,
				4175B2F0ED8644D84397F1B7 /* UserListViewModelProtocol.swift in Sources */,
				3D254880D69B7C839D3FA6C8 /* UserRepositoryCell.swift in Sources */,
				43C7BF279285D8CDAB10F959 /* UserServiceProtocol.swift in Sources */,
				8420BA87ED7910A0922A62FB /* UserTableViewCell.swift in Sources */,
			);
			runOnlyForDeploymentPostprocessing = 0;
		};
		72D50FF2C5C5D31092EDB3CF /* Sources */ = {
			isa = PBXSourcesBuildPhase;
			buildActionMask = 2147483647;
			files = (
				964335F1D8A4FEC95B46F8FD /* QuickConfiguration.swift in Sources */,
				DF2272B831F998FA4F0E3C95 /* RepositoryCacheTests.swift in Sources */,
				3D910A11B861A774675B9007 /* UserDetailViewControllerTests.swift in Sources */,
				397B201B0A7E820CAC71EE0E /* UserDetailViewModelTests.swift in Sources */,
				512E5E57E8F8BAF15422B0DA /* UserListViewControllerTests.swift in Sources */,
				86DE63D63232CDE63A22082D /* UserListViewModelTests.swift in Sources */,
			);
			runOnlyForDeploymentPostprocessing = 0;
		};
		A16356CA163533BAE444F89E /* Sources */ = {
			isa = PBXSourcesBuildPhase;
			buildActionMask = 2147483647;
			files = (
				A8EDB8D39EDF9B6BCC02E5B8 /* GitHubExplorerUITests.swift in Sources */,
				F2B6A9BE59796FDE57D226C2 /* UserDetailUITests.swift in Sources */,
				9FF79DD26EFF4BDE551DE414 /* UserListUITests.swift in Sources */,
			);
			runOnlyForDeploymentPostprocessing = 0;
		};
/* End PBXSourcesBuildPhase section */

/* Begin PBXTargetDependency section */
		2EFADB4C4433546FF42F3A6A /* PBXTargetDependency */ = {
			isa = PBXTargetDependency;
			target = 325A9CD0E9BBB300036342C6 /* GitHubExplorer */;
			targetProxy = 0110F15504D1DB7A478DC033 /* PBXContainerItemProxy */;
		};
		841B292D8A707F4E1DDE894B /* PBXTargetDependency */ = {
			isa = PBXTargetDependency;
			target = 325A9CD0E9BBB300036342C6 /* GitHubExplorer */;
			targetProxy = B2EAC4E464C864EBCF5E0BAA /* PBXContainerItemProxy */;
		};
/* End PBXTargetDependency section */

/* Begin XCBuildConfiguration section */
		12FF7FC2252E7A840717B5D5 /* Debug */ = {
			isa = XCBuildConfiguration;
			buildSettings = {
				ALWAYS_SEARCH_USER_PATHS = NO;
				CLANG_ANALYZER_NONNULL = YES;
				CLANG_ANALYZER_NUMBER_OBJECT_CONVERSION = YES_AGGRESSIVE;
				CLANG_CXX_LANGUAGE_STANDARD = "gnu++14";
				CLANG_CXX_LIBRARY = "libc++";
				CLANG_ENABLE_MODULES = YES;
				CLANG_ENABLE_OBJC_ARC = YES;
				CLANG_ENABLE_OBJC_WEAK = YES;
				CLANG_WARN_BLOCK_CAPTURE_AUTORELEASING = YES;
				CLANG_WARN_BOOL_CONVERSION = YES;
				CLANG_WARN_COMMA = YES;
				CLANG_WARN_CONSTANT_CONVERSION = YES;
				CLANG_WARN_DEPRECATED_OBJC_IMPLEMENTATIONS = YES;
				CLANG_WARN_DIRECT_OBJC_ISA_USAGE = YES_ERROR;
				CLANG_WARN_DOCUMENTATION_COMMENTS = YES;
				CLANG_WARN_EMPTY_BODY = YES;
				CLANG_WARN_ENUM_CONVERSION = YES;
				CLANG_WARN_INFINITE_RECURSION = YES;
				CLANG_WARN_INT_CONVERSION = YES;
				CLANG_WARN_NON_LITERAL_NULL_CONVERSION = YES;
				CLANG_WARN_OBJC_IMPLICIT_RETAIN_SELF = YES;
				CLANG_WARN_OBJC_LITERAL_CONVERSION = YES;
				CLANG_WARN_OBJC_ROOT_CLASS = YES_ERROR;
				CLANG_WARN_QUOTED_INCLUDE_IN_FRAMEWORK_HEADER = YES;
				CLANG_WARN_RANGE_LOOP_ANALYSIS = YES;
				CLANG_WARN_STRICT_PROTOTYPES = YES;
				CLANG_WARN_SUSPICIOUS_MOVE = YES;
				CLANG_WARN_UNGUARDED_AVAILABILITY = YES_AGGRESSIVE;
				CLANG_WARN_UNREACHABLE_CODE = YES;
				CLANG_WARN__DUPLICATE_METHOD_MATCH = YES;
				COPY_PHASE_STRIP = NO;
				DEBUG_INFORMATION_FORMAT = dwarf;
				ENABLE_STRICT_OBJC_MSGSEND = YES;
				ENABLE_TESTABILITY = YES;
				GCC_C_LANGUAGE_STANDARD = gnu11;
				GCC_DYNAMIC_NO_PIC = NO;
				GCC_NO_COMMON_BLOCKS = YES;
				GCC_OPTIMIZATION_LEVEL = 0;
				GCC_PREPROCESSOR_DEFINITIONS = (
					"$(inherited)",
					"DEBUG=1",
				);
				GCC_WARN_64_TO_32_BIT_CONVERSION = YES;
				GCC_WARN_ABOUT_RETURN_TYPE = YES_ERROR;
				GCC_WARN_UNDECLARED_SELECTOR = YES;
				GCC_WARN_UNINITIALIZED_AUTOS = YES_AGGRESSIVE;
				GCC_WARN_UNUSED_FUNCTION = YES;
				GCC_WARN_UNUSED_VARIABLE = YES;
				MTL_ENABLE_DEBUG_INFO = INCLUDE_SOURCE;
				MTL_FAST_MATH = YES;
				ONLY_ACTIVE_ARCH = YES;
				PRODUCT_NAME = "$(TARGET_NAME)";
				SDKROOT = iphoneos;
				SWIFT_ACTIVE_COMPILATION_CONDITIONS = DEBUG;
				SWIFT_OPTIMIZATION_LEVEL = "-Onone";
				SWIFT_VERSION = 5.0;
			};
			name = Debug;
		};
		2122EF1A925E8052C175E2FA /* Release */ = {
			isa = XCBuildConfiguration;
			baseConfigurationReference = FF5705F9178BC689307E66E3 /* Pods-GitHubExplorerTests.release.xcconfig */;
			buildSettings = {
				BUNDLE_LOADER = "$(TEST_HOST)";
				INFOPLIST_FILE = Tests/Info.plist;
				LD_RUNPATH_SEARCH_PATHS = (
					"$(inherited)",
					"@executable_path/Frameworks",
					"@loader_path/Frameworks",
				);
				SDKROOT = iphoneos;
				TARGETED_DEVICE_FAMILY = "1,2";
				TEST_HOST = "$(BUILT_PRODUCTS_DIR)/GitHubExplorer.app/GitHubExplorer";
			};
			name = Release;
		};
		24E0C72287715745DAF78A22 /* Debug */ = {
			isa = XCBuildConfiguration;
			baseConfigurationReference = D3B106791BD8B5258A9EB858 /* Pods-GitHubExplorer.debug.xcconfig */;
			buildSettings = {
				ASSETCATALOG_COMPILER_APPICON_NAME = AppIcon;
				CODE_SIGN_IDENTITY = "iPhone Developer";
				INFOPLIST_FILE = Sources/Info.plist;
				LD_RUNPATH_SEARCH_PATHS = (
					"$(inherited)",
					"@executable_path/Frameworks",
				);
				SDKROOT = iphoneos;
				TARGETED_DEVICE_FAMILY = "1,2";
				UILaunchStoryboardName = LaunchScreen;
			};
			name = Debug;
		};
		5DAC1A2CE83E41E8C3204F01 /* Release */ = {
			isa = XCBuildConfiguration;
			baseConfigurationReference = 2179161CD337E7FE668FE7C7 /* Pods-GitHubExplorerUITests.release.xcconfig */;
			buildSettings = {
				BUNDLE_LOADER = "$(TEST_HOST)";
				LD_RUNPATH_SEARCH_PATHS = (
					"$(inherited)",
					"@executable_path/Frameworks",
					"@loader_path/Frameworks",
				);
				SDKROOT = iphoneos;
				TARGETED_DEVICE_FAMILY = "1,2";
				TEST_TARGET_NAME = GitHubExplorer;
			};
			name = Release;
		};
		65F6BEE3ABE178BC501597F1 /* Release */ = {
			isa = XCBuildConfiguration;
			baseConfigurationReference = CBE42F2279B7EB879A10B6DF /* Pods-GitHubExplorer.release.xcconfig */;
			buildSettings = {
				ASSETCATALOG_COMPILER_APPICON_NAME = AppIcon;
				CODE_SIGN_IDENTITY = "iPhone Developer";
				INFOPLIST_FILE = Sources/Info.plist;
				LD_RUNPATH_SEARCH_PATHS = (
					"$(inherited)",
					"@executable_path/Frameworks",
				);
				SDKROOT = iphoneos;
				TARGETED_DEVICE_FAMILY = "1,2";
				UILaunchStoryboardName = LaunchScreen;
			};
			name = Release;
		};
		B744253C4B1DB59B5374D801 /* Release */ = {
			isa = XCBuildConfiguration;
			buildSettings = {
				ALWAYS_SEARCH_USER_PATHS = NO;
				CLANG_ANALYZER_NONNULL = YES;
				CLANG_ANALYZER_NUMBER_OBJECT_CONVERSION = YES_AGGRESSIVE;
				CLANG_CXX_LANGUAGE_STANDARD = "gnu++14";
				CLANG_CXX_LIBRARY = "libc++";
				CLANG_ENABLE_MODULES = YES;
				CLANG_ENABLE_OBJC_ARC = YES;
				CLANG_ENABLE_OBJC_WEAK = YES;
				CLANG_WARN_BLOCK_CAPTURE_AUTORELEASING = YES;
				CLANG_WARN_BOOL_CONVERSION = YES;
				CLANG_WARN_COMMA = YES;
				CLANG_WARN_CONSTANT_CONVERSION = YES;
				CLANG_WARN_DEPRECATED_OBJC_IMPLEMENTATIONS = YES;
				CLANG_WARN_DIRECT_OBJC_ISA_USAGE = YES_ERROR;
				CLANG_WARN_DOCUMENTATION_COMMENTS = YES;
				CLANG_WARN_EMPTY_BODY = YES;
				CLANG_WARN_ENUM_CONVERSION = YES;
				CLANG_WARN_INFINITE_RECURSION = YES;
				CLANG_WARN_INT_CONVERSION = YES;
				CLANG_WARN_NON_LITERAL_NULL_CONVERSION = YES;
				CLANG_WARN_OBJC_IMPLICIT_RETAIN_SELF = YES;
				CLANG_WARN_OBJC_LITERAL_CONVERSION = YES;
				CLANG_WARN_OBJC_ROOT_CLASS = YES_ERROR;
				CLANG_WARN_QUOTED_INCLUDE_IN_FRAMEWORK_HEADER = YES;
				CLANG_WARN_RANGE_LOOP_ANALYSIS = YES;
				CLANG_WARN_STRICT_PROTOTYPES = YES;
				CLANG_WARN_SUSPICIOUS_MOVE = YES;
				CLANG_WARN_UNGUARDED_AVAILABILITY = YES_AGGRESSIVE;
				CLANG_WARN_UNREACHABLE_CODE = YES;
				CLANG_WARN__DUPLICATE_METHOD_MATCH = YES;
				COPY_PHASE_STRIP = NO;
				DEBUG_INFORMATION_FORMAT = "dwarf-with-dsym";
				ENABLE_NS_ASSERTIONS = NO;
				ENABLE_STRICT_OBJC_MSGSEND = YES;
				GCC_C_LANGUAGE_STANDARD = gnu11;
				GCC_NO_COMMON_BLOCKS = YES;
				GCC_WARN_64_TO_32_BIT_CONVERSION = YES;
				GCC_WARN_ABOUT_RETURN_TYPE = YES_ERROR;
				GCC_WARN_UNDECLARED_SELECTOR = YES;
				GCC_WARN_UNINITIALIZED_AUTOS = YES_AGGRESSIVE;
				GCC_WARN_UNUSED_FUNCTION = YES;
				GCC_WARN_UNUSED_VARIABLE = YES;
				MTL_ENABLE_DEBUG_INFO = NO;
				MTL_FAST_MATH = YES;
				PRODUCT_NAME = "$(TARGET_NAME)";
				SDKROOT = iphoneos;
				SWIFT_COMPILATION_MODE = wholemodule;
				SWIFT_OPTIMIZATION_LEVEL = "-O";
				SWIFT_VERSION = 5.0;
			};
			name = Release;
		};
		CF98C9890E13396E97F9E99F /* Debug */ = {
			isa = XCBuildConfiguration;
			baseConfigurationReference = 04C1030006909731E14F5DFA /* Pods-GitHubExplorerTests.debug.xcconfig */;
			buildSettings = {
				BUNDLE_LOADER = "$(TEST_HOST)";
				INFOPLIST_FILE = Tests/Info.plist;
				LD_RUNPATH_SEARCH_PATHS = (
					"$(inherited)",
					"@executable_path/Frameworks",
					"@loader_path/Frameworks",
				);
				SDKROOT = iphoneos;
				TARGETED_DEVICE_FAMILY = "1,2";
				TEST_HOST = "$(BUILT_PRODUCTS_DIR)/GitHubExplorer.app/GitHubExplorer";
			};
			name = Debug;
		};
		DCA15B4E252995E3B459AAE5 /* Debug */ = {
			isa = XCBuildConfiguration;
			baseConfigurationReference = CF67C56B6DA955BB8D7B4B74 /* Pods-GitHubExplorerUITests.debug.xcconfig */;
			buildSettings = {
				BUNDLE_LOADER = "$(TEST_HOST)";
				LD_RUNPATH_SEARCH_PATHS = (
					"$(inherited)",
					"@executable_path/Frameworks",
					"@loader_path/Frameworks",
				);
				SDKROOT = iphoneos;
				TARGETED_DEVICE_FAMILY = "1,2";
				TEST_TARGET_NAME = GitHubExplorer;
			};
			name = Debug;
		};
/* End XCBuildConfiguration section */

/* Begin XCConfigurationList section */
		4AF1EBB585CFBF3AFF7477F8 /* Build configuration list for PBXNativeTarget "GitHubExplorerUITests" */ = {
			isa = XCConfigurationList;
			buildConfigurations = (
				DCA15B4E252995E3B459AAE5 /* Debug */,
				5DAC1A2CE83E41E8C3204F01 /* Release */,
			);
			defaultConfigurationIsVisible = 0;
			defaultConfigurationName = Debug;
		};
		A01D0D280DA2AD336C177F07 /* Build configuration list for PBXProject "GitHubExplorer" */ = {
			isa = XCConfigurationList;
			buildConfigurations = (
				12FF7FC2252E7A840717B5D5 /* Debug */,
				B744253C4B1DB59B5374D801 /* Release */,
			);
			defaultConfigurationIsVisible = 0;
			defaultConfigurationName = Debug;
		};
		CFE9D5F84658AC48EC3776F2 /* Build configuration list for PBXNativeTarget "GitHubExplorer" */ = {
			isa = XCConfigurationList;
			buildConfigurations = (
				24E0C72287715745DAF78A22 /* Debug */,
				65F6BEE3ABE178BC501597F1 /* Release */,
			);
			defaultConfigurationIsVisible = 0;
			defaultConfigurationName = Debug;
		};
		D3E05AECE94B29045B6A4499 /* Build configuration list for PBXNativeTarget "GitHubExplorerTests" */ = {
			isa = XCConfigurationList;
			buildConfigurations = (
				CF98C9890E13396E97F9E99F /* Debug */,
				2122EF1A925E8052C175E2FA /* Release */,
			);
			defaultConfigurationIsVisible = 0;
			defaultConfigurationName = Debug;
		};
/* End XCConfigurationList section */
	};
	rootObject = 5A3B594E1B6082F9384329F9 /* Project object */;
}
